{
  "name": "@prolanguo/prolanguo-observable",
  "version": "1.0.0",
  "lockfileVersion": 2,
  "requires": true,
  "packages": {
    "": {
      "name": "@prolanguo/prolanguo-observable",
      "version": "1.0.0",
      "license": "ISC",
      "dependencies": {
        "mobx": "^6.3.12"
      }
    },
    "node_modules/mobx": {
      "version": "6.3.12",
      "resolved": "https://registry.npmjs.org/mobx/-/mobx-6.3.12.tgz",
      "integrity": "sha512-5Hx2IjhBtySVQlSFe+sHczKgOQ+cCyi8hN2wEvWzpJEEMRflQoDzDwJJ+m7SBWBQhfrWMWb1RGZNk4X1XtxJkQ==",
      "funding": {
        "type": "opencollective",
        "url": "https://opencollective.com/mobx"
      }
    }
  },
  "dependencies": {
    "mobx": {
      "version": "6.3.12",
      "resolved": "https://registry.npmjs.org/mobx/-/mobx-6.3.12.tgz",
      "integrity": "sha512-5Hx2IjhBtySVQlSFe+sHczKgOQ+cCyi8hN2wEvWzpJEEMRflQoDzDwJJ+m7SBWBQhfrWMWb1RGZNk4X1XtxJkQ=="
    }
  }
}
