{
  "name": "@prolanguo/prolanguo-store",
  "version": "1.0.0",
  "lockfileVersion": 2,
  "requires": true,
  "packages": {
    "": {
      "name": "@prolanguo/prolanguo-store",
      "version": "1.0.0",
      "license": "ISC",
      "dependencies": {
        "redux": "^4.1.2",
        "redux-logger": "^3.0.6"
      },
      "devDependencies": {
        "@types/redux-logger": "^3.0.9"
      }
    },
    "../prolanguo-action": {
      "name": "@prolanguo/prolanguo-action",
      "version": "1.0.0",
      "extraneous": true,
      "license": "ISC",
      "dependencies": {
        "@prolanguo/prolanguo-common": "1.1.0"
      }
    },
    "../prolanguo-common": {
      "name": "@prolanguo/prolanguo-common",
      "version": "1.1.0",
      "extraneous": true,
      "license": "ISC",
      "dependencies": {
        "@prolanguo/prolanguo-resolver": "1.1.0",
        "@types/uuid": "^8.3.1",
        "joi": "^17.4.2",
        "lodash": "^4.17.21",
        "moment": "^2.29.1",
        "typescript": "^4.4.3",
        "uuid": "^8.3.2"
      },
      "devDependencies": {
        "@types/lodash": "^4.14.175"
      }
    },
    "../prolanguo-observable": {
      "name": "@prolanguo/prolanguo-observable",
      "version": "1.0.0",
      "extraneous": true,
      "license": "ISC",
      "dependencies": {
        "@babel/plugin-proposal-decorators": "^7.16.7",
        "@babel/runtime": "7.0.0-beta.55",
        "@prolanguo/prolanguo-common": "1.1.0",
        "lodash": "^4.17.21",
        "mobx": "^6.3.12"
      },
      "devDependencies": {
        "@types/lodash": "^4.14.178"
      }
    },
    "../prolanguo-resolver": {
      "name": "@prolanguo/prolanguo-resolver",
      "version": "1.1.0",
      "extraneous": true,
      "license": "ISC",
      "dependencies": {
        "joi": "^17.4.2"
      }
    },
    "node_modules/@babel/runtime": {
      "version": "7.16.7",
      "resolved": "https://registry.npmjs.org/@babel/runtime/-/runtime-7.16.7.tgz",
      "integrity": "sha512-9E9FJowqAsytyOY6LG+1KuueckRL+aQW+mKvXRXnuFGyRAyepJPmEo9vgMfXUA6O9u3IeEdv9MAkppFcaQwogQ==",
      "dependencies": {
        "regenerator-runtime": "^0.13.4"
      },
      "engines": {
        "node": ">=6.9.0"
      }
    },
    "node_modules/@types/redux-logger": {
      "version": "3.0.9",
      "resolved": "https://registry.npmjs.org/@types/redux-logger/-/redux-logger-3.0.9.tgz",
      "integrity": "sha512-cwYhVbYNgH01aepeMwhd0ABX6fhVB2rcQ9m80u8Fl50ZODhsZ8RhQArnLTkE7/Zrfq4Sz/taNoF7DQy9pCZSKg==",
      "dev": true,
      "dependencies": {
        "redux": "^4.0.0"
      }
    },
    "node_modules/deep-diff": {
      "version": "0.3.8",
      "resolved": "https://registry.npmjs.org/deep-diff/-/deep-diff-0.3.8.tgz",
      "integrity": "sha1-wB3mPvsO7JeYgB1Ax+Da4ltYLIQ="
    },
    "node_modules/redux": {
      "version": "4.1.2",
      "resolved": "https://registry.npmjs.org/redux/-/redux-4.1.2.tgz",
      "integrity": "sha512-SH8PglcebESbd/shgf6mii6EIoRM0zrQyjcuQ+ojmfxjTtE0z9Y8pa62iA/OJ58qjP6j27uyW4kUF4jl/jd6sw==",
      "dependencies": {
        "@babel/runtime": "^7.9.2"
      }
    },
    "node_modules/redux-logger": {
      "version": "3.0.6",
      "resolved": "https://registry.npmjs.org/redux-logger/-/redux-logger-3.0.6.tgz",
      "integrity": "sha1-91VZZvMJjzyIYExEnPC69XeCdL8=",
      "dependencies": {
        "deep-diff": "^0.3.5"
      }
    },
    "node_modules/regenerator-runtime": {
      "version": "0.13.9",
      "resolved": "https://registry.npmjs.org/regenerator-runtime/-/regenerator-runtime-0.13.9.tgz",
      "integrity": "sha512-p3VT+cOEgxFsRRA9X4lkI1E+k2/CtnKtU4gcxyaCUreilL/vqI6CdZ3wxVUx3UOUg+gnUOQQcRI7BmSI656MYA=="
    }
  },
  "dependencies": {
    "@babel/runtime": {
      "version": "7.16.7",
      "resolved": "https://registry.npmjs.org/@babel/runtime/-/runtime-7.16.7.tgz",
      "integrity": "sha512-9E9FJowqAsytyOY6LG+1KuueckRL+aQW+mKvXRXnuFGyRAyepJPmEo9vgMfXUA6O9u3IeEdv9MAkppFcaQwogQ==",
      "requires": {
        "regenerator-runtime": "^0.13.4"
      }
    },
    "@types/redux-logger": {
      "version": "3.0.9",
      "resolved": "https://registry.npmjs.org/@types/redux-logger/-/redux-logger-3.0.9.tgz",
      "integrity": "sha512-cwYhVbYNgH01aepeMwhd0ABX6fhVB2rcQ9m80u8Fl50ZODhsZ8RhQArnLTkE7/Zrfq4Sz/taNoF7DQy9pCZSKg==",
      "dev": true,
      "requires": {
        "redux": "^4.0.0"
      }
    },
    "deep-diff": {
      "version": "0.3.8",
      "resolved": "https://registry.npmjs.org/deep-diff/-/deep-diff-0.3.8.tgz",
      "integrity": "sha1-wB3mPvsO7JeYgB1Ax+Da4ltYLIQ="
    },
    "redux": {
      "version": "4.1.2",
      "resolved": "https://registry.npmjs.org/redux/-/redux-4.1.2.tgz",
      "integrity": "sha512-SH8PglcebESbd/shgf6mii6EIoRM0zrQyjcuQ+ojmfxjTtE0z9Y8pa62iA/OJ58qjP6j27uyW4kUF4jl/jd6sw==",
      "requires": {
        "@babel/runtime": "^7.9.2"
      }
    },
    "redux-logger": {
      "version": "3.0.6",
      "resolved": "https://registry.npmjs.org/redux-logger/-/redux-logger-3.0.6.tgz",
      "integrity": "sha1-91VZZvMJjzyIYExEnPC69XeCdL8=",
      "requires": {
        "deep-diff": "^0.3.5"
      }
    },
    "regenerator-runtime": {
      "version": "0.13.9",
      "resolved": "https://registry.npmjs.org/regenerator-runtime/-/regenerator-runtime-0.13.9.tgz",
      "integrity": "sha512-p3VT+cOEgxFsRRA9X4lkI1E+k2/CtnKtU4gcxyaCUreilL/vqI6CdZ3wxVUx3UOUg+gnUOQQcRI7BmSI656MYA=="
    }
  }
}
